# THIS IS AN AUTOGENERATED FILE. DO NOT EDIT THIS FILE DIRECTLY.
# yarn lockfile v1


async-limiter@~1.0.0:
  version "1.0.1"
  resolved "https://registry.yarnpkg.com/async-limiter/-/async-limiter-1.0.1.tgz#dd379e94f0db8310b08291f9d64c3209766617fd"
  integrity sha512-csOlWGAcRFJaI6m+F2WKdnMKr4HhdhFVBk0H/QbJFMCr+uO2kwohwXQPxw/9OCxp05r5ghVBFSyioixx3gfkNQ==

axios@^0.19.0:
  version "0.19.2"
  resolved "https://registry.yarnpkg.com/axios/-/axios-0.19.2.tgz#3ea36c5d8818d0d5f8a8a97a6d36b86cdc00cb27"
  integrity sha512-fjgm5MvRHLhx+osE2xoekY70AhARk3a6hkN+3Io1jc00jtquGvxYlKlsFUhmUET0V5te6CcZI7lcv2Ym61mjHA==
  dependencies:
    follow-redirects "1.5.10"

bencode@^1.0.0:
  version "1.0.0"
  resolved "https://registry.yarnpkg.com/bencode/-/bencode-1.0.0.tgz#0b83aea885b3547b579ada0c6a5e7739fe4d073e"
  integrity sha512-N+VOSP5MkoX+xgnp6Y056iCY5TmCZg9rgPNPQe0bIiXchxYFP4vs/Tf0dTdQ+qQhP7HM2gvfFq+sUVjQsGy5Zw==
  dependencies:
    safe-buffer "^5.1.1"

bencode@^2.0.0:
  version "2.0.1"
  resolved "https://registry.yarnpkg.com/bencode/-/bencode-2.0.1.tgz#667a6a31c5e038d558608333da6b7c94e836c85b"
  integrity sha512-2uhEl8FdjSBUyb69qDTgOEeeqDTa+n3yMQzLW0cOzNf1Ow5bwcg3idf+qsWisIKRH8Bk8oC7UXL8irRcPA8ZEQ==
  dependencies:
    safe-buffer "^5.1.1"

bittorrent-dht@^7.10.0:
  version "7.10.0"
  resolved "https://registry.yarnpkg.com/bittorrent-dht/-/bittorrent-dht-7.10.0.tgz#c5d47ddb21b0003a4ce22b11202a505b350ac0ff"
  integrity sha512-fvb6M58Ceiv/S94nu6zeaiMoJvUYOeIqRbgaClm+kJTzCAqJPtAR/31pXNYB5iEReOoKqQB5zY33gY0W6ZRWQQ==
  dependencies:
    bencode "^1.0.0"
    buffer-equals "^1.0.3"
    debug "^3.1.0"
    inherits "^2.0.1"
    k-bucket "^3.3.0"
    k-rpc "^4.2.1"
    lru "^3.1.0"
    randombytes "^2.0.5"
    safe-buffer "^5.0.1"
    simple-sha1 "^2.1.0"

buffer-equals@^1.0.3:
  version "1.0.4"
  resolved "https://registry.yarnpkg.com/buffer-equals/-/buffer-equals-1.0.4.tgz#0353b54fd07fd9564170671ae6f66b9cf10d27f5"
  integrity sha1-A1O1T9B/2VZBcGca5vZrnPENJ/U=

buffer-from@^1.0.0:
  version "1.1.1"
  resolved "https://registry.yarnpkg.com/buffer-from/-/buffer-from-1.1.1.tgz#32713bc028f75c02fdb710d7c7bcec1f2c6070ef"
  integrity sha512-MQcXEUbCKtEo7bhqEs6560Hyd4XaovZlO/k9V3hjVUF/zwW7KBVdSK4gIt/bzwS9MbR5qob+F5jusZsb0YQK2A==

camelcase@^4.0.0:
  version "4.1.0"
  resolved "https://registry.yarnpkg.com/camelcase/-/camelcase-4.1.0.tgz#d545635be1e33c542649c69173e5de6acfae34dd"
  integrity sha1-1UVjW+HjPFQmScaRc+Xeas+uNN0=

chrome-dgram@^3.0.2:
  version "3.0.4"
  resolved "https://registry.yarnpkg.com/chrome-dgram/-/chrome-dgram-3.0.4.tgz#aa785f23d1fc71c8619e8af166db7b9dc21a4f3e"
  integrity sha512-G8rOANSvSRC4hGny/K/ec1gXtNuZGzryFeoev49u0J4g/qws7H25vMKQlbD9izuedFVHwXFTdKQG62Tf/7Cmwg==
  dependencies:
    inherits "^2.0.1"
    run-series "^1.1.2"

chrome-dns@^1.0.0:
  version "1.0.1"
  resolved "https://registry.yarnpkg.com/chrome-dns/-/chrome-dns-1.0.1.tgz#6870af680a40d2c4b2efc2154a378793f5a4ce4b"
  integrity sha512-HqsYJgIc8ljJJOqOzLphjAs79EUuWSX3nzZi2LNkzlw3GIzAeZbaSektC8iT/tKvLqZq8yl1GJu5o6doA4TRbg==
  dependencies:
    chrome-net "^3.3.2"

chrome-net@^3.3.2:
  version "3.3.3"
  resolved "https://registry.yarnpkg.com/chrome-net/-/chrome-net-3.3.3.tgz#09b40337d97fa857ac44ee9a2d82a66e43863401"
  integrity sha512-11jL8+Ogna8M5TEdyalE8IG6cpaFEU3YcaxAj3YjZKjRM/PeT70pZbrUY+xoGwqiEJZwJE4Td2CvGxUvS9ytKQ==
  dependencies:
    inherits "^2.0.1"

cipher-base@^1.0.1:
  version "1.0.4"
  resolved "https://registry.yarnpkg.com/cipher-base/-/cipher-base-1.0.4.tgz#8760e4ecc272f4c363532f926d874aae2c1397de"
  integrity sha512-Kkht5ye6ZGmwv40uUDZztayT2ThLQGfnj/T71N/XzeZeo3nf8foyW7zGTsPYkEya3m5f3cAypH+qe7YOrM1U2Q==
  dependencies:
    inherits "^2.0.1"
    safe-buffer "^5.0.1"

circular-append-file@^1.0.1:
  version "1.0.1"
  resolved "https://registry.yarnpkg.com/circular-append-file/-/circular-append-file-1.0.1.tgz#5d218c5b04556cd1d2eeee697691dddd206c514b"
  integrity sha512-BUDFvrBTCdeVhg9E05PX4XgMegk6xWB69uGwyuATEg7PMfa9lGU1mzFSK0xWNW2O0i9CAQHN0oIdXI/kI2hPkg==
  dependencies:
    multistream "^2.1.0"

core-util-is@~1.0.0:
  version "1.0.2"
  resolved "https://registry.yarnpkg.com/core-util-is/-/core-util-is-1.0.2.tgz#b5fd54220aa2bc5ab57aab7140c940754503c1a7"
  integrity sha1-tf1UIgqivFq1eqtxQMlAdUUDwac=

create-hash@^1.1.3, create-hash@^1.2.0:
  version "1.2.0"
  resolved "https://registry.yarnpkg.com/create-hash/-/create-hash-1.2.0.tgz#889078af11a63756bcfb59bd221996be3a9ef196"
  integrity sha512-z00bCGNHDG8mHAkP7CtT1qVu+bFQUPjYq/4Iv3C3kWjTFV10zIjfSoeqXo9Asws8gwSHDGj/hl2u4OGIjapeCg==
  dependencies:
    cipher-base "^1.0.1"
    inherits "^2.0.1"
    md5.js "^1.3.4"
    ripemd160 "^2.0.1"
    sha.js "^2.4.0"

debug@=3.1.0:
  version "3.1.0"
  resolved "https://registry.yarnpkg.com/debug/-/debug-3.1.0.tgz#5bb5a0672628b64149566ba16819e61518c67261"
  integrity sha512-OX8XqP7/1a9cqkxYw2yXss15f26NKWBpDXQd0/uK/KPqdQhxbPa994hnzjcE2VqQpDslf55723cKPUOGSmMY3g==
  dependencies:
    ms "2.0.0"

debug@^2.6.9:
  version "2.6.9"
  resolved "https://registry.yarnpkg.com/debug/-/debug-2.6.9.tgz#5d128515df134ff327e90a4c93f4e077a536341f"
  integrity sha512-bC7ElrdJaJnPbAP+1EotYvqZsb3ecl5wi6Bfi6BJTUcNowp6cvspg0jXznRTKDjm/E7AdgFBVeAPVMNcKGsHMA==
  dependencies:
    ms "2.0.0"

debug@^3.1.0:
  version "3.2.6"
  resolved "https://registry.yarnpkg.com/debug/-/debug-3.2.6.tgz#e83d17de16d8a7efb7717edbe5fb10135eee629b"
  integrity sha512-mel+jf7nrtEl5Pn1Qx46zARXKDpBbvzezse7p7LqINmdoIk8PYP5SySaxEmYv6TZ0JyEKA1hsCId6DIhgITtWQ==
  dependencies:
    ms "^2.1.1"

debug@^4.1.1:
  version "4.1.1"
  resolved "https://registry.yarnpkg.com/debug/-/debug-4.1.1.tgz#3b72260255109c6b589cee050f1d516139664791"
  integrity sha512-pYAIzeRo8J6KPEaJ0VWOh5Pzkbw/RetuzehGM7QRRX5he4fPHx2rdKMB256ehJCkX+XRQm16eZLqLNS8RSZXZw==
  dependencies:
    ms "^2.1.1"

deterministic-json@^1.0.5:
  version "1.0.5"
  resolved "https://registry.yarnpkg.com/deterministic-json/-/deterministic-json-1.0.5.tgz#718230459840122a1558007b483cf72753c00f21"
  integrity sha512-JSD3TNaM+xEgvV9JK+7hnQvEIAHD9ZvhTl4h2EmH5rDxmyN1o4/RSC0lH82anzt5b6IUW4Tb4d5uzE00vH/tMw==
  dependencies:
    json-stable-stringify "^1.0.1"

discovery-channel@^5.5.1:
  version "5.5.1"
  resolved "https://registry.yarnpkg.com/discovery-channel/-/discovery-channel-5.5.1.tgz#9af6fc7f8cecdff40dbe4f13a49463718d4cd676"
  integrity sha512-EEmZQFE0PiOsJj7G3KVCwFGbYs4QchUvzA91iHtZ6HfkIqfBEDSTGLygJrUlY1Tr77WDV+qZVrZuNghHxSL/vw==
  dependencies:
    bittorrent-dht "^7.10.0"
    buffer-from "^1.0.0"
    debug "^2.6.9"
    dns-discovery "^6.0.1"
    pretty-hash "^1.0.1"
    thunky "^0.1.0"

dns-discovery@^6.0.1:
  version "6.2.3"
  resolved "https://registry.yarnpkg.com/dns-discovery/-/dns-discovery-6.2.3.tgz#47d8bc0f639ed1f3c09897a133a96bc4106fda15"
  integrity sha512-ZULG1R5J9QHZfaXo5XFGVG22LIcnZorbEa7f83FYgCGDaQrVfyVmty3Z89OvBLpCPetwW+LzjCcT60ekhbQ+9g==
  dependencies:
    circular-append-file "^1.0.1"
    debug "^2.6.9"
    dns-socket "^3.0.0"
    lru "^2.0.0"
    minimist "^1.2.0"
    multicast-dns "^7.1.1"
    network-address "^1.1.2"
    pump "^3.0.0"
    speedometer "^1.0.0"
    unordered-set "^1.1.0"

dns-packet@^4.0.0, dns-packet@^4.1.0:
  version "4.2.0"
  resolved "https://registry.yarnpkg.com/dns-packet/-/dns-packet-4.2.0.tgz#3fd6f5ff5a4ec3194ed0b15312693ffe8776b343"
  integrity sha512-bn1AKpfkFbm0MIioOMHZ5qJzl2uypdBwI4nYNsqvhjsegBhcKJUlCrMPWLx6JEezRjxZmxhtIz/FkBEur2l8Cw==
  dependencies:
    ip "^1.1.5"
    safe-buffer "^5.1.1"

dns-socket@^3.0.0:
  version "3.0.0"
  resolved "https://registry.yarnpkg.com/dns-socket/-/dns-socket-3.0.0.tgz#3418a3c6309656ebdb3eb0a941811a4fb0b828c5"
  integrity sha512-M0WkByoJ/mTm+HtwBQLsRJPe5uGIC/lYVOp+s6ZzhbZ5iq4GxjFyxYPQhB85dgCLvVb43aJQXHDC9aUgyKGc/Q==
  dependencies:
    dns-packet "^4.1.0"

duplexify@^3.5.1, duplexify@^3.6.0:
  version "3.7.1"
  resolved "https://registry.yarnpkg.com/duplexify/-/duplexify-3.7.1.tgz#2a4df5317f6ccfd91f86d6fd25d8d8a103b88309"
  integrity sha512-07z8uv2wMyS51kKhD1KsdXJg5WQ6t93RneqRxUHnskXVtlYYkLqM0gqStQZ3pj073g687jPCHrqNfCzawLYh5g==
  dependencies:
    end-of-stream "^1.0.0"
    inherits "^2.0.1"
    readable-stream "^2.0.0"
    stream-shift "^1.0.0"

end-of-stream@^1.0.0, end-of-stream@^1.1.0:
  version "1.4.4"
  resolved "https://registry.yarnpkg.com/end-of-stream/-/end-of-stream-1.4.4.tgz#5ae64a5f45057baf3626ec14da0ca5e4b2431eb0"
  integrity sha512-+uw1inIHVPQoaVuHzRyXd21icM+cnt4CzD5rW+NC1wjOUSTOs+Te7FOv7AhN7vS9x/oIyhLP5PR1H+phQAHu5Q==
  dependencies:
    once "^1.4.0"

follow-redirects@1.5.10:
  version "1.5.10"
  resolved "https://registry.yarnpkg.com/follow-redirects/-/follow-redirects-1.5.10.tgz#7b7a9f9aea2fdff36786a94ff643ed07f4ff5e2a"
  integrity sha512-0V5l4Cizzvqt5D44aTXbFZz+FtyXV1vrDN6qrelxtfYQKW0KO0W2T/hkE8xvGa/540LkZlkaUjO4ailYTFtHVQ==
  dependencies:
    debug "=3.1.0"

hash-base@^3.0.0:
  version "3.0.4"
  resolved "https://registry.yarnpkg.com/hash-base/-/hash-base-3.0.4.tgz#5fc8686847ecd73499403319a6b0a3f3f6ae4918"
  integrity sha1-X8hoaEfs1zSZQDMZprCj8/auSRg=
  dependencies:
    inherits "^2.0.1"
    safe-buffer "^5.0.1"

inherits@^2.0.1, inherits@^2.0.3, inherits@~2.0.3:
  version "2.0.4"
  resolved "https://registry.yarnpkg.com/inherits/-/inherits-2.0.4.tgz#0fa2c64f932917c3433a0ded55363aae37416b7c"
  integrity sha512-k/vGaX4/Yla3WzyMCvTQOXYeIHvqOKtnqBduzTHpzpQZzAskKMhZ2K+EnBiSM9zGSoIFeMpXKxa4dYeZIQqewQ==

int53@^0.2.4:
  version "0.2.4"
  resolved "https://registry.yarnpkg.com/int53/-/int53-0.2.4.tgz#5ed8d7aad6c5c6567cae69aa7ffc4a109ee80f86"
  integrity sha1-XtjXqtbFxlZ8rmmqf/xKEJ7oD4Y=

ip@^1.1.5:
  version "1.1.5"
  resolved "https://registry.yarnpkg.com/ip/-/ip-1.1.5.tgz#bdded70114290828c0a039e72ef25f5aaec4354a"
  integrity sha1-vd7XARQpCCjAoDnnLvJfWq7ENUo=

isarray@~1.0.0:
  version "1.0.0"
  resolved "https://registry.yarnpkg.com/isarray/-/isarray-1.0.0.tgz#bb935d48582cba168c06834957a54a3e07124f11"
  integrity sha1-u5NdSFgsuhaMBoNJV6VKPgcSTxE=

json-stable-stringify@^1.0.1:
  version "1.0.1"
  resolved "https://registry.yarnpkg.com/json-stable-stringify/-/json-stable-stringify-1.0.1.tgz#9a759d39c5f2ff503fd5300646ed445f88c4f9af"
  integrity sha1-mnWdOcXy/1A/1TAGRu1EX4jE+a8=
  dependencies:
    jsonify "~0.0.0"

json-stringify-safe@^5.0.1:
  version "5.0.1"
  resolved "https://registry.yarnpkg.com/json-stringify-safe/-/json-stringify-safe-5.0.1.tgz#1296a2d58fd45f19a0f6ce01d65701e2c735b6eb"
  integrity sha1-Epai1Y/UXxmg9s4B1lcB4sc1tus=

jsonify@~0.0.0:
  version "0.0.0"
  resolved "https://registry.yarnpkg.com/jsonify/-/jsonify-0.0.0.tgz#2c74b6ee41d93ca51b7b5aaee8f503631d252a73"
  integrity sha1-LHS27kHZPKUbe1qu6PUDYx0lKnM=

k-bucket@^3.3.0:
  version "3.3.1"
  resolved "https://registry.yarnpkg.com/k-bucket/-/k-bucket-3.3.1.tgz#de219f00b310ca17fdd7e2790a077d78b70d92c8"
  integrity sha512-kgwWqYT79rAahn4maIVTP8dIe+m1KulufWW+f1bB9DlZrRFiGpZ4iJOg2HUp4xJYBWONP3+rOPIWF/RXABU6mw==
  dependencies:
    buffer-equals "^1.0.3"
    inherits "^2.0.1"
    randombytes "^2.0.3"

k-bucket@^4.0.0:
  version "4.0.1"
  resolved "https://registry.yarnpkg.com/k-bucket/-/k-bucket-4.0.1.tgz#3fc2e5693f0b7bff90d7b6b476edd6087955d542"
  integrity sha512-YvDpmY3waI999h1zZoW1rJ04fZrgZ+5PAlVmvwDHT6YO/Q1AOhdel07xsKy9eAvJjQ9xZV1wz3rXKqEfaWvlcQ==
  dependencies:
    inherits "^2.0.1"
    randombytes "^2.0.3"

k-rpc-socket@^1.7.2:
  version "1.11.1"
  resolved "https://registry.yarnpkg.com/k-rpc-socket/-/k-rpc-socket-1.11.1.tgz#f14b4b240a716c6cad7b6434b21716dbd7c7b0e8"
  integrity sha512-8xtA8oqbZ6v1Niryp2/g4GxW16EQh5MvrUylQoOG+zcrDff5CKttON2XUXvMwlIHq4/2zfPVFiinAccJ+WhxoA==
  dependencies:
    bencode "^2.0.0"
    chrome-dgram "^3.0.2"
    chrome-dns "^1.0.0"
    chrome-net "^3.3.2"

k-rpc@^4.2.1:
  version "4.3.1"
  resolved "https://registry.yarnpkg.com/k-rpc/-/k-rpc-4.3.1.tgz#e2b86376c773d5919b4d3c02b9aae435fee7b318"
  integrity sha512-mgAJZeFYbpP0xzJzmS0TQTYoFI0sjy3GnKFhg8wyboL+KvWg2WLaA2Oy9PthLPx2Rxz4WeBMk4y3MSOrDJ95FA==
  dependencies:
    buffer-equals "^1.0.3"
    k-bucket "^4.0.0"
    k-rpc-socket "^1.7.2"
    randombytes "^2.0.5"
    safe-buffer "^5.1.1"

lodash.get@^4.4.2:
  version "4.4.2"
  resolved "https://registry.yarnpkg.com/lodash.get/-/lodash.get-4.4.2.tgz#2d177f652fa31e939b4438d5341499dfa3825e99"
  integrity sha1-LRd/ZS+jHpObRDjVNBSZ36OCXpk=

lotion-connect@^0.1.22:
  version "0.1.22"
  resolved "https://registry.yarnpkg.com/lotion-connect/-/lotion-connect-0.1.22.tgz#0deada8af29e09c849fd0a44fb20eeadf0af7727"
  integrity sha512-1zTHXkV2FnYmzA9fvKaz0olorkVHvmOmmstiF1yeUnfkUlYoiKjzHyVKVq9rIzFrRqldUXlWIgZB5wFZ3FckEw==
  dependencies:
    create-hash "^1.2.0"
    debug "^4.1.1"
    deterministic-json "^1.0.5"
    discovery-channel "^5.5.1"
    lodash.get "^4.4.2"
    merk "1.3.9"
    proxmise "^1.0.0"
    tendermint "^4.0.5"
    varstruct "^6.1.2"

lru@^2.0.0:
  version "2.0.1"
  resolved "https://registry.yarnpkg.com/lru/-/lru-2.0.1.tgz#f979871e162e3f5ca254be46844c53d4c5364544"
  integrity sha1-+XmHHhYuP1yiVL5GhExT1MU2RUQ=
  dependencies:
    inherits "^2.0.1"

lru@^3.1.0:
  version "3.1.0"
  resolved "https://registry.yarnpkg.com/lru/-/lru-3.1.0.tgz#ea7fb8546d83733396a13091d76cfeb4c06837d5"
  integrity sha1-6n+4VG2DczOWoTCR12z+tMBoN9U=
  dependencies:
    inherits "^2.0.1"

md5.js@^1.3.4:
  version "1.3.5"
  resolved "https://registry.yarnpkg.com/md5.js/-/md5.js-1.3.5.tgz#b5d07b8e3216e3e27cd728d72f70d1e6a342005f"
  integrity sha512-xitP+WxNPcTTOgnTJcrhM0xvdPepipPSf3I8EIpGKeFLjt3PlJLIDG3u8EX53ZIubkb+5U2+3rELYpEhHhzdkg==
  dependencies:
    hash-base "^3.0.0"
    inherits "^2.0.1"
    safe-buffer "^5.1.2"

merk@1.3.9:
  version "1.3.9"
  resolved "https://registry.yarnpkg.com/merk/-/merk-1.3.9.tgz#56ff296d6a0a4fd95bc46d6102567eb4dbffdba8"
  integrity sha512-2kCijFLafIAtX3I61qwn3dfAnnbKMnJWfgzD7MXQES+HQidJsylXMscdhZMYCSyc0JwW+ZuC8wdlwJGkBeytRA==
  dependencies:
    create-hash "^1.1.3"
    deterministic-json "^1.0.5"
    old "^0.2.0"
    varint "^5.0.0"
    varstruct "^6.1.1"

minimist@^1.2.0:
  version "1.2.0"
  resolved "https://registry.yarnpkg.com/minimist/-/minimist-1.2.0.tgz#a35008b20f41383eec1fb914f4cd5df79a264284"
  integrity sha1-o1AIsg9BOD7sH7kU9M1d95omQoQ=

ms@2.0.0:
  version "2.0.0"
  resolved "https://registry.yarnpkg.com/ms/-/ms-2.0.0.tgz#5608aeadfc00be6c2901df5f9861788de0d597c8"
  integrity sha1-VgiurfwAvmwpAd9fmGF4jeDVl8g=

ms@^2.1.1:
  version "2.1.2"
  resolved "https://registry.yarnpkg.com/ms/-/ms-2.1.2.tgz#d09d1f357b443f493382a8eb3ccd183872ae6009"
  integrity sha512-sGkPx+VjMtmA6MX27oA4FBFELFCZZ4S4XqeGOXCv68tT+jb3vk/RyaKWP0PTKyWtmLSM0b+adUTEvbs1PEaH2w==

multicast-dns@^7.1.1:
  version "7.2.0"
  resolved "https://registry.yarnpkg.com/multicast-dns/-/multicast-dns-7.2.0.tgz#7aa49a7efba931a346011aa02e7d1c314a65ac77"
  integrity sha512-Tu2QORGOFANB124NWQ/JTRhMf/ODouVLEuvu5Dz8YWEU55zQgRgFGnBHfIh5PbfNDAuaRl7yLB+pgWhSqVxi2Q==
  dependencies:
    dns-packet "^4.0.0"
    thunky "^1.0.2"

multistream@^2.1.0:
  version "2.1.1"
  resolved "https://registry.yarnpkg.com/multistream/-/multistream-2.1.1.tgz#629d3a29bd76623489980d04519a2c365948148c"
  integrity sha512-xasv76hl6nr1dEy3lPvy7Ej7K/Lx3O/FCvwge8PeVJpciPPoNCbaANcNiBug3IpdvTveZUcAV0DJzdnUDMesNQ==
  dependencies:
    inherits "^2.0.1"
    readable-stream "^2.0.5"

ndjson@^1.5.0:
  version "1.5.0"
  resolved "https://registry.yarnpkg.com/ndjson/-/ndjson-1.5.0.tgz#ae603b36b134bcec347b452422b0bf98d5832ec8"
  integrity sha1-rmA7NrE0vOw0e0UkIrC/mNWDLsg=
  dependencies:
    json-stringify-safe "^5.0.1"
    minimist "^1.2.0"
    split2 "^2.1.0"
    through2 "^2.0.3"

network-address@^1.1.2:
  version "1.1.2"
  resolved "https://registry.yarnpkg.com/network-address/-/network-address-1.1.2.tgz#4aa7bfd43f03f0b81c9702b13d6a858ddb326f3e"
  integrity sha1-Sqe/1D8D8LgclwKxPWqFjdsybz4=

object-assign@^4.1.0:
  version "4.1.1"
  resolved "https://registry.yarnpkg.com/object-assign/-/object-assign-4.1.1.tgz#2109adc7965887cfc05cbbd442cac8bfbb360863"
  integrity sha1-IQmtx5ZYh8/AXLvUQsrIv7s2CGM=

old@^0.1.3:
  version "0.1.3"
  resolved "https://registry.yarnpkg.com/old/-/old-0.1.3.tgz#5824d99ffc4ec6e8c52b3f3ce955a17a5f814ad1"
  integrity sha1-WCTZn/xOxujFKz886VWhel+BStE=
  dependencies:
    object-assign "^4.1.0"

old@^0.2.0:
  version "0.2.0"
  resolved "https://registry.yarnpkg.com/old/-/old-0.2.0.tgz#ae75a9f33bae7cb3fe06312899b7ae5a73ba24ef"
  integrity sha1-rnWp8zuufLP+BjEombeuWnO6JO8=
  dependencies:
    object-assign "^4.1.0"

once@^1.3.1, once@^1.4.0:
  version "1.4.0"
  resolved "https://registry.yarnpkg.com/once/-/once-1.4.0.tgz#583b1aa775961d4b113ac17d9c50baef9dd76bd1"
  integrity sha1-WDsap3WWHUsROsF9nFC6753Xa9E=
  dependencies:
    wrappy "1"

pretty-hash@^1.0.1:
  version "1.0.1"
  resolved "https://registry.yarnpkg.com/pretty-hash/-/pretty-hash-1.0.1.tgz#16e0579188def56bdb565892bcd05a5d65324807"
  integrity sha1-FuBXkYje9WvbVliSvNBaXWUySAc=

process-nextick-args@~2.0.0:
  version "2.0.1"
  resolved "https://registry.yarnpkg.com/process-nextick-args/-/process-nextick-args-2.0.1.tgz#7820d9b16120cc55ca9ae7792680ae7dba6d7fe2"
  integrity sha512-3ouUOpQhtgrbOa17J7+uxOTpITYWaGP7/AhoR3+A+/1e9skrzelGi/dXzEYyvbxubEF6Wn2ypscTKiKJFFn1ag==

proxmise@^1.0.0:
  version "1.1.0"
  resolved "https://registry.yarnpkg.com/proxmise/-/proxmise-1.1.0.tgz#03e9c562b4c8dd76073f662a6acc6f9fa431af21"
  integrity sha512-jvUled+GELUjHqmU2Q65/9KpY7XWstT+bcBndvmNQU5lTmBpzmbpc09ABDzeMP51QHAqxTbA7h7CM9NAKtB7Tg==

pump@^2.0.0:
  version "2.0.1"
  resolved "https://registry.yarnpkg.com/pump/-/pump-2.0.1.tgz#12399add6e4cf7526d973cbc8b5ce2e2908b3909"
  integrity sha512-ruPMNRkN3MHP1cWJc9OWr+T/xDP0jhXYCLfJcBuX54hhfIBnaQmAUMfDcG4DM5UMWByBbJY69QSphm3jtDKIkA==
  dependencies:
    end-of-stream "^1.1.0"
    once "^1.3.1"

pump@^3.0.0:
  version "3.0.0"
  resolved "https://registry.yarnpkg.com/pump/-/pump-3.0.0.tgz#b4a2116815bde2f4e1ea602354e8c75565107a64"
  integrity sha512-LwZy+p3SFs1Pytd/jYct4wpv49HiYCqd9Rlc5ZVdk0V+8Yzv6jR5Blk3TRmPL1ft69TxP0IMZGJ+WPFU2BFhww==
  dependencies:
    end-of-stream "^1.1.0"
    once "^1.3.1"

pumpify@^1.3.5:
  version "1.5.1"
  resolved "https://registry.yarnpkg.com/pumpify/-/pumpify-1.5.1.tgz#36513be246ab27570b1a374a5ce278bfd74370ce"
  integrity sha512-oClZI37HvuUJJxSKKrC17bZ9Cu0ZYhEAGPsPUy9KlMUmv9dKX2o77RUmq7f3XjIxbwyGwYzbzQ1L2Ks8sIradQ==
  dependencies:
    duplexify "^3.6.0"
    inherits "^2.0.3"
    pump "^2.0.0"

randombytes@^2.0.3, randombytes@^2.0.5:
  version "2.1.0"
  resolved "https://registry.yarnpkg.com/randombytes/-/randombytes-2.1.0.tgz#df6f84372f0270dc65cdf6291349ab7a473d4f2a"
  integrity sha512-vYl3iOX+4CKUWuxGi9Ukhie6fsqXqS9FE2Zaic4tNFD2N2QQaXOMFbuKK4QmDHC0JO6B1Zp41J0LpT0oR68amQ==
  dependencies:
    safe-buffer "^5.1.0"

readable-stream@^2.0.0, readable-stream@^2.0.5, readable-stream@^2.3.3, readable-stream@~2.3.6:
  version "2.3.7"
  resolved "https://registry.yarnpkg.com/readable-stream/-/readable-stream-2.3.7.tgz#1eca1cf711aef814c04f62252a36a62f6cb23b57"
  integrity sha512-Ebho8K4jIbHAxnuxi7o42OrZgF/ZTNcsZj6nRKyUmkhLFq8CHItp/fy6hQZuZmP/n3yZ9VBUbp4zz/mX8hmYPw==
  dependencies:
    core-util-is "~1.0.0"
    inherits "~2.0.3"
    isarray "~1.0.0"
    process-nextick-args "~2.0.0"
    safe-buffer "~5.1.1"
    string_decoder "~1.1.1"
    util-deprecate "~1.0.1"

ripemd160@^2.0.1:
  version "2.0.2"
  resolved "https://registry.yarnpkg.com/ripemd160/-/ripemd160-2.0.2.tgz#a1c1a6f624751577ba5d07914cbc92850585890c"
  integrity sha512-ii4iagi25WusVoiC4B4lq7pbXfAp3D9v5CwfkY33vffw2+pkDjY1D8GaN7spsxvCSx8dkPqOZCEZyfxcmJG2IA==
  dependencies:
    hash-base "^3.0.0"
    inherits "^2.0.1"

run-series@^1.1.2:
  version "1.1.8"
  resolved "https://registry.yarnpkg.com/run-series/-/run-series-1.1.8.tgz#2c4558f49221e01cd6371ff4e0a1e203e460fc36"
  integrity sha512-+GztYEPRpIsQoCSraWHDBs9WVy4eVME16zhOtDB4H9J4xN0XRhknnmLOl+4gRgZtu8dpp9N/utSPjKH/xmDzXg==

rusha@^0.8.1:
  version "0.8.13"
  resolved "https://registry.yarnpkg.com/rusha/-/rusha-0.8.13.tgz#9a084e7b860b17bff3015b92c67a6a336191513a"
  integrity sha1-mghOe4YLF7/zAVuSxnpqM2GRUTo=

safe-buffer@^5.0.1, safe-buffer@^5.1.0, safe-buffer@^5.1.1, safe-buffer@^5.1.2:
  version "5.2.0"
  resolved "https://registry.yarnpkg.com/safe-buffer/-/safe-buffer-5.2.0.tgz#b74daec49b1148f88c64b68d49b1e815c1f2f519"
  integrity sha512-fZEwUGbVl7kouZs1jCdMLdt95hdIv0ZeHg6L7qPeciMZhZ+/gdesW4wgTARkrFWEpspjEATAzUGPG8N2jJiwbg==

safe-buffer@~5.1.0, safe-buffer@~5.1.1:
  version "5.1.2"
  resolved "https://registry.yarnpkg.com/safe-buffer/-/safe-buffer-5.1.2.tgz#991ec69d296e0313747d59bdfd2b745c35f8828d"
  integrity sha512-Gd2UZBJDkXlY7GbJxfsE8/nvKkUEU1G38c1siN6QP6a9PT9MmHB8GnpscSmMJSoF8LOIrt8ud/wPtojys4G6+g==

sha.js@^2.4.0:
  version "2.4.11"
  resolved "https://registry.yarnpkg.com/sha.js/-/sha.js-2.4.11.tgz#37a5cf0b81ecbc6943de109ba2960d1b26584ae7"
  integrity sha512-QMEp5B7cftE7APOjk5Y6xgrbWu+WkLVQwk8JNjZ8nKRciZaByEW6MubieAiToS7+dwvrjGhH8jRXz3MVd0AYqQ==
  dependencies:
    inherits "^2.0.1"
    safe-buffer "^5.0.1"

simple-sha1@^2.1.0:
  version "2.1.2"
  resolved "https://registry.yarnpkg.com/simple-sha1/-/simple-sha1-2.1.2.tgz#de40cbd5aae278fde8e3bb3250a35d74c67326b1"
  integrity sha512-TQl9rm4rdKAVmhO++sXAb8TNN0D6JAD5iyI1mqEPNpxUzTRrtm4aOG1pDf/5W/qCFihiaoK6uuL9rvQz1x1VKw==
  dependencies:
    rusha "^0.8.1"

speedometer@^1.0.0:
  version "1.1.0"
  resolved "https://registry.yarnpkg.com/speedometer/-/speedometer-1.1.0.tgz#a30b13abda45687a1a76977012c060f2ac8a7934"
  integrity sha512-z/wAiTESw2XVPssY2XRcme4niTc4S5FkkJ4gknudtVoc33Zil8TdTxHy5torRcgqMqksJV2Yz8HQcvtbsnw0mQ==

split2@^2.1.0:
  version "2.2.0"
  resolved "https://registry.yarnpkg.com/split2/-/split2-2.2.0.tgz#186b2575bcf83e85b7d18465756238ee4ee42493"
  integrity sha512-RAb22TG39LhI31MbreBgIuKiIKhVsawfTgEGqKHTK87aG+ul/PB8Sqoi3I7kVdRWiCfrKxK3uo4/YUkpNvhPbw==
  dependencies:
    through2 "^2.0.2"

stream-shift@^1.0.0:
  version "1.0.1"
  resolved "https://registry.yarnpkg.com/stream-shift/-/stream-shift-1.0.1.tgz#d7088281559ab2778424279b0877da3c392d5a3d"
  integrity sha512-AiisoFqQ0vbGcZgQPY1cdP2I76glaVA/RauYR4G4thNFgkTqr90yXTo4LYX60Jl+sIlPNHHdGSwo01AvbKUSVQ==

string_decoder@~1.1.1:
  version "1.1.1"
  resolved "https://registry.yarnpkg.com/string_decoder/-/string_decoder-1.1.1.tgz#9cf1611ba62685d7030ae9e4ba34149c3af03fc8"
  integrity sha512-n/ShnvDi6FHbbVfviro+WojiFzv+s8MPMHBczVePfUpDJLwoLT0ht1l4YwBCbi8pJAveEEdnkHyPyTP/mzRfwg==
  dependencies:
    safe-buffer "~5.1.0"

supercop.js@^2.0.1:
  version "2.0.1"
  resolved "https://registry.yarnpkg.com/supercop.js/-/supercop.js-2.0.1.tgz#1fcfe9fc5ff6e42aef4e3683636c8cb891594b18"
  integrity sha1-H8/p/F/25CrvTjaDY2yMuJFZSxg=

tendermint@^4.0.5:
  version "4.0.8"
  resolved "https://registry.yarnpkg.com/tendermint/-/tendermint-4.0.8.tgz#5acc1d7f7e971a60b5d70a8f1c9c42cd7be92992"
  integrity sha512-K9lnePVrKxRj2ju47NVaDgbXMvkIOcfS+XXukVnyoUztEj8hcgu2Bfe6CB6O1R+FyjOu83tB+9nL8+jy+J05ZQ==
  dependencies:
    axios "^0.19.0"
    camelcase "^4.0.0"
    create-hash "^1.1.3"
    debug "^3.1.0"
    json-stable-stringify "^1.0.1"
    ndjson "^1.5.0"
    old "^0.1.3"
    pumpify "^1.3.5"
    supercop.js "^2.0.1"
    varstruct "^6.1.1"
    websocket-stream "^5.1.1"

through2@^2.0.2, through2@^2.0.3:
  version "2.0.5"
  resolved "https://registry.yarnpkg.com/through2/-/through2-2.0.5.tgz#01c1e39eb31d07cb7d03a96a70823260b23132cd"
  integrity sha512-/mrRod8xqpA+IHSLyGCQ2s8SPHiCDEeQJSep1jqLYeEUClOFG2Qsh+4FU6G9VeqpZnGW/Su8LQGc4YKni5rYSQ==
  dependencies:
    readable-stream "~2.3.6"
    xtend "~4.0.1"

thunky@^0.1.0:
  version "0.1.0"
  resolved "https://registry.yarnpkg.com/thunky/-/thunky-0.1.0.tgz#bf30146824e2b6e67b0f2d7a4ac8beb26908684e"
  integrity sha1-vzAUaCTituZ7Dy16Ssi+smkIaE4=

thunky@^1.0.2:
  version "1.1.0"
  resolved "https://registry.yarnpkg.com/thunky/-/thunky-1.1.0.tgz#5abaf714a9405db0504732bbccd2cedd9ef9537d"
  integrity sha512-eHY7nBftgThBqOyHGVN+l8gF0BucP09fMo0oO/Lb0w1OF80dJv+lDVpXG60WMQvkcxAkNybKsrEIE3ZtKGmPrA==

ultron@~1.1.0:
  version "1.1.1"
  resolved "https://registry.yarnpkg.com/ultron/-/ultron-1.1.1.tgz#9fe1536a10a664a65266a1e3ccf85fd36302bc9c"
  integrity sha512-UIEXBNeYmKptWH6z8ZnqTeS8fV74zG0/eRU9VGkpzz+LIJNs8W/zM/L+7ctCkRrgbNnnR0xxw4bKOr0cW0N0Og==

unordered-set@^1.1.0:
  version "1.1.0"
  resolved "https://registry.yarnpkg.com/unordered-set/-/unordered-set-1.1.0.tgz#2ba7ef316edd0b9590cc547c74f76a2f164fecca"
  integrity sha1-K6fvMW7dC5WQzFR8dPdqLxZP7Mo=

util-deprecate@~1.0.1:
  version "1.0.2"
  resolved "https://registry.yarnpkg.com/util-deprecate/-/util-deprecate-1.0.2.tgz#450d4dc9fa70de732762fbd2d4a28981419a0ccf"
  integrity sha1-RQ1Nyfpw3nMnYvvS1KKJgUGaDM8=

varint@^5.0.0:
  version "5.0.0"
  resolved "https://registry.yarnpkg.com/varint/-/varint-5.0.0.tgz#d826b89f7490732fabc0c0ed693ed475dcb29ebf"
  integrity sha1-2Ca4n3SQcy+rwMDtaT7Uddyynr8=

varstruct@^6.1.1, varstruct@^6.1.2:
  version "6.1.3"
  resolved "https://registry.yarnpkg.com/varstruct/-/varstruct-6.1.3.tgz#45a8a073e41fb88adb10bc71158c945e20c57fbe"
  integrity sha512-4l1Q7uxrVUBZXsMcb2cakrZL6gd4G+Ykn/m9cGnT4EY8iRBPkxOxKVDwOnL9AsIPKmREBx5BDqjfNMKKP6Zy2w==
  dependencies:
    int53 "^0.2.4"
    safe-buffer "^5.1.1"

websocket-stream@^5.1.1:
  version "5.5.0"
  resolved "https://registry.yarnpkg.com/websocket-stream/-/websocket-stream-5.5.0.tgz#9827f2846fc0d2b4dca7aab8f92980b2548b868e"
  integrity sha512-EXy/zXb9kNHI07TIMz1oIUIrPZxQRA8aeJ5XYg5ihV8K4kD1DuA+FY6R96HfdIHzlSzS8HiISAfrm+vVQkZBug==
  dependencies:
    duplexify "^3.5.1"
    inherits "^2.0.1"
    readable-stream "^2.3.3"
    safe-buffer "^5.1.2"
    ws "^3.2.0"
    xtend "^4.0.0"

wrappy@1:
  version "1.0.2"
  resolved "https://registry.yarnpkg.com/wrappy/-/wrappy-1.0.2.tgz#b5243d8f3ec1aa35f1364605bc0d1036e30ab69f"
  integrity sha1-tSQ9jz7BqjXxNkYFvA0QNuMKtp8=

ws@^3.2.0:
  version "3.3.3"
  resolved "https://registry.yarnpkg.com/ws/-/ws-3.3.3.tgz#f1cf84fe2d5e901ebce94efaece785f187a228f2"
  integrity sha512-nnWLa/NwZSt4KQJu51MYlCcSQ5g7INpOrOMt4XV8j4dqTXdmlUmSHQ8/oLC069ckre0fRsgfvsKwbTdtKLCDkA==
  dependencies:
    async-limiter "~1.0.0"
    safe-buffer "~5.1.0"
    ultron "~1.1.0"

xtend@^4.0.0, xtend@~4.0.1:
  version "4.0.2"
  resolved "https://registry.yarnpkg.com/xtend/-/xtend-4.0.2.tgz#bb72779f5fa465186b1f438f674fa347fdb5db54"
  integrity sha512-LKYU1iAXJXUgAXn9URjiu+MWhyUXHsvfp7mcuYm9dSUKK0/CjtrUwFAxD82/mCWbtLsGjFIad0wIsod4zrTAEQ==
